
Microsoft Visual Studio Solution File, Format Version 12.00
# Visual Studio Version 17
VisualStudioVersion = 17.14.37216.2 d17.14
MinimumVisualStudioVersion = 10.0.40219.1
Project("{FAE04EC0-301F-11D3-BF4B-00C04F79EFBC}") = "May2026ProductsBackendApp", "May2026ProductsBackendApp.csproj", "{92A98C33-1986-4325-891F-E2D17159640F}"
EndProject
Global
	GlobalSection(SolutionConfigurationPlatforms) = preSolution
		Debug|Any CPU = Debug|Any CPU
		Release|Any CPU = Release|Any CPU
	EndGlobalSection
	GlobalSection(ProjectConfigurationPlatforms) = postSolution
		{92A98C33-1986-4325-891F-E2D17159640F}.Debug|Any CPU.ActiveCfg = Debug|Any CPU
		{92A98C33-1986-4325-891F-E2D17159640F}.Debug|Any CPU.Build.0 = Debug|Any CPU
		{92A98C33-1986-4325-891F-E2D17159640F}.Release|Any CPU.ActiveCfg = Release|Any CPU
		{92A98C33-1986-4325-891F-E2D17159640F}.Release|Any CPU.Build.0 = Release|Any CPU
	EndGlobalSection
	GlobalSection(SolutionProperties) = preSolution
		HideSolutionNode = FALSE
	EndGlobalSection
	GlobalSection(ExtensibilityGlobals) = postSolution
		SolutionGuid = {BC491D58-7C18-4884-9DEA-40E102C70791}
	EndGlobalSection
EndGlobal
